
Microsoft Visual Studio Solution File, Format Version 12.00
Project("{FAE04EC0-301F-11D3-BF4B-00C04F79EFBC}") = "firstLesson", "firstLesson\firstLesson.csproj", "{29D3A73B-8BA5-45A9-9644-8CCAC92B4F8C}"
EndProject
Project("{FAE04EC0-301F-11D3-BF4B-00C04F79EFBC}") = "lesson2", "lesson2\lesson2.csproj", "{1374F04A-D5CD-47F6-BA27-863DFEF2BC1B}"
EndProject
Project("{FAE04EC0-301F-11D3-BF4B-00C04F79EFBC}") = "dz1", "dz1\dz1.csproj", "{F8E837D9-6111-4BD9-B350-67A9447439A9}"
EndProject
Project("{FAE04EC0-301F-11D3-BF4B-00C04F79EFBC}") = "dz2", "dz2\dz2.csproj", "{ADA36B3B-D364-4DD7-8AE9-2EE117F8B3B8}"
EndProject
Project("{FAE04EC0-301F-11D3-BF4B-00C04F79EFBC}") = "lesson3", "lesson3\lesson3.csproj", "{DC35DC84-1CA9-4076-90A9-F53D7E3822F6}"
EndProject
Project("{FAE04EC0-301F-11D3-BF4B-00C04F79EFBC}") = "lesson4", "lesson4\lesson4.csproj", "{F13CC922-62A1-4D22-864D-0F98DF924B68}"
EndProject
Project("{FAE04EC0-301F-11D3-BF4B-00C04F79EFBC}") = "lesson5_04_05_2023", "lesson5_04_05_2023\lesson5_04_05_2023.csproj", "{1A5C28B1-E53F-4919-8C25-0C64005E39F0}"
EndProject
Project("{FAE04EC0-301F-11D3-BF4B-00C04F79EFBC}") = "dz3", "dz3\dz3.csproj", "{2CA379D9-234B-40B0-9398-C42706A120C6}"
EndProject
Project("{FAE04EC0-301F-11D3-BF4B-00C04F79EFBC}") = "dz4", "dz4\dz4.csproj", "{6032EE89-DD8F-42A9-8205-5E73A1746DCA}"
EndProject
Project("{FAE04EC0-301F-11D3-BF4B-00C04F79EFBC}") = "lesson6_4_10_2023", "lesson6_4_10_2023\lesson6_4_10_2023.csproj", "{E5A92858-6375-49EB-B2B9-F57FE5E73937}"
EndProject
Project("{FAE04EC0-301F-11D3-BF4B-00C04F79EFBC}") = "lesson7_04_12_2023", "lesson7_04_12_2023\lesson7_04_12_2023.csproj", "{70174D64-B06F-440B-9379-1CC37DE65500}"
EndProject
Project("{FAE04EC0-301F-11D3-BF4B-00C04F79EFBC}") = "dz5", "dz5\dz5.csproj", "{6679492E-65F1-4420-B7D2-2AA465180FA5}"
EndProject
Project("{FAE04EC0-301F-11D3-BF4B-00C04F79EFBC}") = "dz6", "dz6\dz6.csproj", "{D7A09567-B17C-433D-BBC3-638FB4FC009A}"
EndProject
Project("{FAE04EC0-301F-11D3-BF4B-00C04F79EFBC}") = "lesson8_04_21_2023", "lesson8_04_21_2023\lesson8_04_21_2023.csproj", "{718D3637-EEB7-4EFC-813A-1392324A4637}"
EndProject
Project("{FAE04EC0-301F-11D3-BF4B-00C04F79EFBC}") = "practic1_04_24_2023", "practic1_04_24_2023\practic1_04_24_2023.csproj", "{29A9D4F0-37CA-4F0C-94E6-348CC5EE2940}"
EndProject
Project("{FAE04EC0-301F-11D3-BF4B-00C04F79EFBC}") = "lesson9_04_26_2023", "lesson9_04_26_2023\lesson9_04_26_2023.csproj", "{7A6B3B94-5E98-40EA-B707-28E4AFE179A3}"
EndProject
Project("{FAE04EC0-301F-11D3-BF4B-00C04F79EFBC}") = "practic2_lesson9", "practic2_lesson9\practic2_lesson9.csproj", "{56EB74A5-03A4-40A5-B0AF-B4DCA99DBA5C}"
EndProject
Project("{FAE04EC0-301F-11D3-BF4B-00C04F79EFBC}") = "lesson10_05_01_2023", "lesson10_05_01_2023\lesson10_05_01_2023.csproj", "{0AB67313-3C8A-408F-9012-91D173F1D444}"
EndProject
Project("{FAE04EC0-301F-11D3-BF4B-00C04F79EFBC}") = "practica3_05_01_2023", "practica3_05_01_2023\practica3_05_01_2023.csproj", "{91FC1199-9979-42BA-86F8-E903E1701FF5}"
EndProject
Project("{FAE04EC0-301F-11D3-BF4B-00C04F79EFBC}") = "ConsoleApplication1", "ConsoleApplication1\ConsoleApplication1.csproj", "{40B93B2B-E33B-41F5-BF86-2353FD9D7168}"
EndProject
Project("{FAE04EC0-301F-11D3-BF4B-00C04F79EFBC}") = "dz7_24.04.2023", "dz7_24.04.2023\dz7_24.04.2023.csproj", "{8525690B-C8DB-4359-842C-1DF54EBC2AAD}"
EndProject
Project("{FAE04EC0-301F-11D3-BF4B-00C04F79EFBC}") = "dz8_26.04.2023", "dz8_26.04.2023\dz8_26.04.2023.csproj", "{F958D856-B1F7-4E34-A147-E03797D55697}"
EndProject
Project("{FAE04EC0-301F-11D3-BF4B-00C04F79EFBC}") = "dz9_1.05.2023", "dz9_1.05.2023\dz9_1.05.2023.csproj", "{61C73BD6-7AC0-4476-97CA-6A3365F0E9AC}"
EndProject
Project("{FAE04EC0-301F-11D3-BF4B-00C04F79EFBC}") = "lesson11_05.03.2023", "lesson11_05.03.2023\lesson11_05.03.2023.csproj", "{6763EB4B-4D4F-451C-A3B9-8514ED0C29BD}"
EndProject
Project("{FAE04EC0-301F-11D3-BF4B-00C04F79EFBC}") = "practica4_05_03_2023", "practica4_05_03_2023\practica4_05_03_2023.csproj", "{F4DAEE4F-91A1-47FD-A06F-9D73CEEBDC0C}"
EndProject
Global
	GlobalSection(SolutionConfigurationPlatforms) = preSolution
		Debug|Any CPU = Debug|Any CPU
		Release|Any CPU = Release|Any CPU
	EndGlobalSection
	GlobalSection(ProjectConfigurationPlatforms) = postSolution
		{29D3A73B-8BA5-45A9-9644-8CCAC92B4F8C}.Debug|Any CPU.ActiveCfg = Debug|Any CPU
		{29D3A73B-8BA5-45A9-9644-8CCAC92B4F8C}.Debug|Any CPU.Build.0 = Debug|Any CPU
		{29D3A73B-8BA5-45A9-9644-8CCAC92B4F8C}.Release|Any CPU.ActiveCfg = Release|Any CPU
		{29D3A73B-8BA5-45A9-9644-8CCAC92B4F8C}.Release|Any CPU.Build.0 = Release|Any CPU
		{1374F04A-D5CD-47F6-BA27-863DFEF2BC1B}.Debug|Any CPU.ActiveCfg = Debug|Any CPU
		{1374F04A-D5CD-47F6-BA27-863DFEF2BC1B}.Debug|Any CPU.Build.0 = Debug|Any CPU
		{1374F04A-D5CD-47F6-BA27-863DFEF2BC1B}.Release|Any CPU.ActiveCfg = Release|Any CPU
		{1374F04A-D5CD-47F6-BA27-863DFEF2BC1B}.Release|Any CPU.Build.0 = Release|Any CPU
		{F8E837D9-6111-4BD9-B350-67A9447439A9}.Debug|Any CPU.ActiveCfg = Debug|Any CPU
		{F8E837D9-6111-4BD9-B350-67A9447439A9}.Debug|Any CPU.Build.0 = Debug|Any CPU
		{F8E837D9-6111-4BD9-B350-67A9447439A9}.Release|Any CPU.ActiveCfg = Release|Any CPU
		{F8E837D9-6111-4BD9-B350-67A9447439A9}.Release|Any CPU.Build.0 = Release|Any CPU
		{ADA36B3B-D364-4DD7-8AE9-2EE117F8B3B8}.Debug|Any CPU.ActiveCfg = Debug|Any CPU
		{ADA36B3B-D364-4DD7-8AE9-2EE117F8B3B8}.Debug|Any CPU.Build.0 = Debug|Any CPU
		{ADA36B3B-D364-4DD7-8AE9-2EE117F8B3B8}.Release|Any CPU.ActiveCfg = Release|Any CPU
		{ADA36B3B-D364-4DD7-8AE9-2EE117F8B3B8}.Release|Any CPU.Build.0 = Release|Any CPU
		{DC35DC84-1CA9-4076-90A9-F53D7E3822F6}.Debug|Any CPU.ActiveCfg = Debug|Any CPU
		{DC35DC84-1CA9-4076-90A9-F53D7E3822F6}.Debug|Any CPU.Build.0 = Debug|Any CPU
		{DC35DC84-1CA9-4076-90A9-F53D7E3822F6}.Release|Any CPU.ActiveCfg = Release|Any CPU
		{DC35DC84-1CA9-4076-90A9-F53D7E3822F6}.Release|Any CPU.Build.0 = Release|Any CPU
		{F13CC922-62A1-4D22-864D-0F98DF924B68}.Debug|Any CPU.ActiveCfg = Debug|Any CPU
		{F13CC922-62A1-4D22-864D-0F98DF924B68}.Debug|Any CPU.Build.0 = Debug|Any CPU
		{F13CC922-62A1-4D22-864D-0F98DF924B68}.Release|Any CPU.ActiveCfg = Release|Any CPU
		{F13CC922-62A1-4D22-864D-0F98DF924B68}.Release|Any CPU.Build.0 = Release|Any CPU
		{1A5C28B1-E53F-4919-8C25-0C64005E39F0}.Debug|Any CPU.ActiveCfg = Debug|Any CPU
		{1A5C28B1-E53F-4919-8C25-0C64005E39F0}.Debug|Any CPU.Build.0 = Debug|Any CPU
		{1A5C28B1-E53F-4919-8C25-0C64005E39F0}.Release|Any CPU.ActiveCfg = Release|Any CPU
		{1A5C28B1-E53F-4919-8C25-0C64005E39F0}.Release|Any CPU.Build.0 = Release|Any CPU
		{2CA379D9-234B-40B0-9398-C42706A120C6}.Debug|Any CPU.ActiveCfg = Debug|Any CPU
		{2CA379D9-234B-40B0-9398-C42706A120C6}.Debug|Any CPU.Build.0 = Debug|Any CPU
		{2CA379D9-234B-40B0-9398-C42706A120C6}.Release|Any CPU.ActiveCfg = Release|Any CPU
		{2CA379D9-234B-40B0-9398-C42706A120C6}.Release|Any CPU.Build.0 = Release|Any CPU
		{6032EE89-DD8F-42A9-8205-5E73A1746DCA}.Debug|Any CPU.ActiveCfg = Debug|Any CPU
		{6032EE89-DD8F-42A9-8205-5E73A1746DCA}.Debug|Any CPU.Build.0 = Debug|Any CPU
		{6032EE89-DD8F-42A9-8205-5E73A1746DCA}.Release|Any CPU.ActiveCfg = Release|Any CPU
		{6032EE89-DD8F-42A9-8205-5E73A1746DCA}.Release|Any CPU.Build.0 = Release|Any CPU
		{E5A92858-6375-49EB-B2B9-F57FE5E73937}.Debug|Any CPU.ActiveCfg = Debug|Any CPU
		{E5A92858-6375-49EB-B2B9-F57FE5E73937}.Debug|Any CPU.Build.0 = Debug|Any CPU
		{E5A92858-6375-49EB-B2B9-F57FE5E73937}.Release|Any CPU.ActiveCfg = Release|Any CPU
		{E5A92858-6375-49EB-B2B9-F57FE5E73937}.Release|Any CPU.Build.0 = Release|Any CPU
		{70174D64-B06F-440B-9379-1CC37DE65500}.Debug|Any CPU.ActiveCfg = Debug|Any CPU
		{70174D64-B06F-440B-9379-1CC37DE65500}.Debug|Any CPU.Build.0 = Debug|Any CPU
		{70174D64-B06F-440B-9379-1CC37DE65500}.Release|Any CPU.ActiveCfg = Release|Any CPU
		{70174D64-B06F-440B-9379-1CC37DE65500}.Release|Any CPU.Build.0 = Release|Any CPU
		{6679492E-65F1-4420-B7D2-2AA465180FA5}.Debug|Any CPU.ActiveCfg = Debug|Any CPU
		{6679492E-65F1-4420-B7D2-2AA465180FA5}.Debug|Any CPU.Build.0 = Debug|Any CPU
		{6679492E-65F1-4420-B7D2-2AA465180FA5}.Release|Any CPU.ActiveCfg = Release|Any CPU
		{6679492E-65F1-4420-B7D2-2AA465180FA5}.Release|Any CPU.Build.0 = Release|Any CPU
		{D7A09567-B17C-433D-BBC3-638FB4FC009A}.Debug|Any CPU.ActiveCfg = Debug|Any CPU
		{D7A09567-B17C-433D-BBC3-638FB4FC009A}.Debug|Any CPU.Build.0 = Debug|Any CPU
		{D7A09567-B17C-433D-BBC3-638FB4FC009A}.Release|Any CPU.ActiveCfg = Release|Any CPU
		{D7A09567-B17C-433D-BBC3-638FB4FC009A}.Release|Any CPU.Build.0 = Release|Any CPU
		{718D3637-EEB7-4EFC-813A-1392324A4637}.Debug|Any CPU.ActiveCfg = Debug|Any CPU
		{718D3637-EEB7-4EFC-813A-1392324A4637}.Debug|Any CPU.Build.0 = Debug|Any CPU
		{718D3637-EEB7-4EFC-813A-1392324A4637}.Release|Any CPU.ActiveCfg = Release|Any CPU
		{718D3637-EEB7-4EFC-813A-1392324A4637}.Release|Any CPU.Build.0 = Release|Any CPU
		{29A9D4F0-37CA-4F0C-94E6-348CC5EE2940}.Debug|Any CPU.ActiveCfg = Debug|Any CPU
		{29A9D4F0-37CA-4F0C-94E6-348CC5EE2940}.Debug|Any CPU.Build.0 = Debug|Any CPU
		{29A9D4F0-37CA-4F0C-94E6-348CC5EE2940}.Release|Any CPU.ActiveCfg = Release|Any CPU
		{29A9D4F0-37CA-4F0C-94E6-348CC5EE2940}.Release|Any CPU.Build.0 = Release|Any CPU
		{7A6B3B94-5E98-40EA-B707-28E4AFE179A3}.Debug|Any CPU.ActiveCfg = Debug|Any CPU
		{7A6B3B94-5E98-40EA-B707-28E4AFE179A3}.Debug|Any CPU.Build.0 = Debug|Any CPU
		{7A6B3B94-5E98-40EA-B707-28E4AFE179A3}.Release|Any CPU.ActiveCfg = Release|Any CPU
		{7A6B3B94-5E98-40EA-B707-28E4AFE179A3}.Release|Any CPU.Build.0 = Release|Any CPU
		{56EB74A5-03A4-40A5-B0AF-B4DCA99DBA5C}.Debug|Any CPU.ActiveCfg = Debug|Any CPU
		{56EB74A5-03A4-40A5-B0AF-B4DCA99DBA5C}.Debug|Any CPU.Build.0 = Debug|Any CPU
		{56EB74A5-03A4-40A5-B0AF-B4DCA99DBA5C}.Release|Any CPU.ActiveCfg = Release|Any CPU
		{56EB74A5-03A4-40A5-B0AF-B4DCA99DBA5C}.Release|Any CPU.Build.0 = Release|Any CPU
		{0AB67313-3C8A-408F-9012-91D173F1D444}.Debug|Any CPU.ActiveCfg = Debug|Any CPU
		{0AB67313-3C8A-408F-9012-91D173F1D444}.Debug|Any CPU.Build.0 = Debug|Any CPU
		{0AB67313-3C8A-408F-9012-91D173F1D444}.Release|Any CPU.ActiveCfg = Release|Any CPU
		{0AB67313-3C8A-408F-9012-91D173F1D444}.Release|Any CPU.Build.0 = Release|Any CPU
		{91FC1199-9979-42BA-86F8-E903E1701FF5}.Debug|Any CPU.ActiveCfg = Debug|Any CPU
		{91FC1199-9979-42BA-86F8-E903E1701FF5}.Debug|Any CPU.Build.0 = Debug|Any CPU
		{91FC1199-9979-42BA-86F8-E903E1701FF5}.Release|Any CPU.ActiveCfg = Release|Any CPU
		{91FC1199-9979-42BA-86F8-E903E1701FF5}.Release|Any CPU.Build.0 = Release|Any CPU
		{40B93B2B-E33B-41F5-BF86-2353FD9D7168}.Debug|Any CPU.ActiveCfg = Debug|Any CPU
		{40B93B2B-E33B-41F5-BF86-2353FD9D7168}.Debug|Any CPU.Build.0 = Debug|Any CPU
		{40B93B2B-E33B-41F5-BF86-2353FD9D7168}.Release|Any CPU.ActiveCfg = Release|Any CPU
		{40B93B2B-E33B-41F5-BF86-2353FD9D7168}.Release|Any CPU.Build.0 = Release|Any CPU
		{8525690B-C8DB-4359-842C-1DF54EBC2AAD}.Debug|Any CPU.ActiveCfg = Debug|Any CPU
		{8525690B-C8DB-4359-842C-1DF54EBC2AAD}.Debug|Any CPU.Build.0 = Debug|Any CPU
		{8525690B-C8DB-4359-842C-1DF54EBC2AAD}.Release|Any CPU.ActiveCfg = Release|Any CPU
		{8525690B-C8DB-4359-842C-1DF54EBC2AAD}.Release|Any CPU.Build.0 = Release|Any CPU
		{F958D856-B1F7-4E34-A147-E03797D55697}.Debug|Any CPU.ActiveCfg = Debug|Any CPU
		{F958D856-B1F7-4E34-A147-E03797D55697}.Debug|Any CPU.Build.0 = Debug|Any CPU
		{F958D856-B1F7-4E34-A147-E03797D55697}.Release|Any CPU.ActiveCfg = Release|Any CPU
		{F958D856-B1F7-4E34-A147-E03797D55697}.Release|Any CPU.Build.0 = Release|Any CPU
		{61C73BD6-7AC0-4476-97CA-6A3365F0E9AC}.Debug|Any CPU.ActiveCfg = Debug|Any CPU
		{61C73BD6-7AC0-4476-97CA-6A3365F0E9AC}.Debug|Any CPU.Build.0 = Debug|Any CPU
		{61C73BD6-7AC0-4476-97CA-6A3365F0E9AC}.Release|Any CPU.ActiveCfg = Release|Any CPU
		{61C73BD6-7AC0-4476-97CA-6A3365F0E9AC}.Release|Any CPU.Build.0 = Release|Any CPU
		{6763EB4B-4D4F-451C-A3B9-8514ED0C29BD}.Debug|Any CPU.ActiveCfg = Debug|Any CPU
		{6763EB4B-4D4F-451C-A3B9-8514ED0C29BD}.Debug|Any CPU.Build.0 = Debug|Any CPU
		{6763EB4B-4D4F-451C-A3B9-8514ED0C29BD}.Release|Any CPU.ActiveCfg = Release|Any CPU
		{6763EB4B-4D4F-451C-A3B9-8514ED0C29BD}.Release|Any CPU.Build.0 = Release|Any CPU
		{F4DAEE4F-91A1-47FD-A06F-9D73CEEBDC0C}.Debug|Any CPU.ActiveCfg = Debug|Any CPU
		{F4DAEE4F-91A1-47FD-A06F-9D73CEEBDC0C}.Debug|Any CPU.Build.0 = Debug|Any CPU
		{F4DAEE4F-91A1-47FD-A06F-9D73CEEBDC0C}.Release|Any CPU.ActiveCfg = Release|Any CPU
		{F4DAEE4F-91A1-47FD-A06F-9D73CEEBDC0C}.Release|Any CPU.Build.0 = Release|Any CPU
	EndGlobalSection
EndGlobal
